
Microsoft Visual Studio Solution File, Format Version 12.00
# Visual Studio Version 17
VisualStudioVersion = 17.4.33205.214
MinimumVisualStudioVersion = 10.0.40219.1
Project("{FAE04EC0-301F-11D3-BF4B-00C04F79EFBC}") = "Checkers", "Checkers\Checkers.csproj", "{ED94058A-6619-43DA-BA0F-E143A3E8B131}"
EndProject
Global
	GlobalSection(SolutionConfigurationPlatforms) = preSolution
		Debug|Any CPU = Debug|Any CPU
		Release|Any CPU = Release|Any CPU
	EndGlobalSection
	GlobalSection(ProjectConfigurationPlatforms) = postSolution
		{ED94058A-6619-43DA-BA0F-E143A3E8B131}.Debug|Any CPU.ActiveCfg = Debug|Any CPU
		{ED94058A-6619-43DA-BA0F-E143A3E8B131}.Debug|Any CPU.Build.0 = Debug|Any CPU
		{ED94058A-6619-43DA-BA0F-E143A3E8B131}.Release|Any CPU.ActiveCfg = Release|Any CPU
		{ED94058A-6619-43DA-BA0F-E143A3E8B131}.Release|Any CPU.Build.0 = Release|Any CPU
	EndGlobalSection
	GlobalSection(SolutionProperties) = preSolution
		HideSolutionNode = FALSE
	EndGlobalSection
	GlobalSection(ExtensibilityGlobals) = postSolution
		SolutionGuid = {4697EB66-50CD-4DA1-9D33-4B363DFFB66A}
	EndGlobalSection
EndGlobal
